
Microsoft Visual Studio Solution File, Format Version 12.00
# Visual Studio Version 17
VisualStudioVersion = 17.7.34024.191
MinimumVisualStudioVersion = 10.0.40219.1
Project("{FAE04EC0-301F-11D3-BF4B-00C04F79EFBC}") = "CodingDemoTFL", "CodingDemoTFL\CodingDemoTFL.csproj", "{84B87AA6-9F20-4B38-ADC8-0756228B00F6}"
EndProject
Global
	GlobalSection(SolutionConfigurationPlatforms) = preSolution
		Debug|Any CPU = Debug|Any CPU
		Release|Any CPU = Release|Any CPU
	EndGlobalSection
	GlobalSection(ProjectConfigurationPlatforms) = postSolution
		{84B87AA6-9F20-4B38-ADC8-0756228B00F6}.Debug|Any CPU.ActiveCfg = Debug|Any CPU
		{84B87AA6-9F20-4B38-ADC8-0756228B00F6}.Debug|Any CPU.Build.0 = Debug|Any CPU
		{84B87AA6-9F20-4B38-ADC8-0756228B00F6}.Release|Any CPU.ActiveCfg = Release|Any CPU
		{84B87AA6-9F20-4B38-ADC8-0756228B00F6}.Release|Any CPU.Build.0 = Release|Any CPU
	EndGlobalSection
	GlobalSection(SolutionProperties) = preSolution
		HideSolutionNode = FALSE
	EndGlobalSection
	GlobalSection(ExtensibilityGlobals) = postSolution
		SolutionGuid = {E9F4B358-C79C-4110-B508-0882BD739F5A}
	EndGlobalSection
EndGlobal
